
Microsoft Visual Studio Solution File, Format Version 11.00
# Visual Studio 2010
Project("{E24C65DC-7377-472B-9ABA-BC803B73C61A}") = "24.02.2016 örnek 1", ".", "{94CD1094-EEE1-4113-90E0-8CBC9AA6D890}"
	ProjectSection(WebsiteProperties) = preProject
		TargetFrameworkMoniker = ".NETFramework,Version%3Dv4.0"
		Debug.AspNetCompiler.Debug = "True"
		Release.AspNetCompiler.Debug = "False"
		VWDPort = "1057"
		DefaultWebSiteLanguage = "Visual C#"
	EndProjectSection
EndProject
Global
	GlobalSection(SolutionConfigurationPlatforms) = preSolution
		Debug|Any CPU = Debug|Any CPU
	EndGlobalSection
	GlobalSection(ProjectConfigurationPlatforms) = postSolution
		{94CD1094-EEE1-4113-90E0-8CBC9AA6D890}.Debug|Any CPU.ActiveCfg = Debug|Any CPU
		{94CD1094-EEE1-4113-90E0-8CBC9AA6D890}.Debug|Any CPU.Build.0 = Debug|Any CPU
	EndGlobalSection
	GlobalSection(SolutionProperties) = preSolution
		HideSolutionNode = FALSE
	EndGlobalSection
EndGlobal
